
Microsoft Visual Studio Solution File, Format Version 12.00
# Visual Studio Version 17
VisualStudioVersion = 17.10.35013.160
MinimumVisualStudioVersion = 10.0.40219.1
Project("{2150E333-8FDC-42A3-9474-1A3956D46DE8}") = "Services", "Services", "{17AB3CAB-270F-4B6D-977C-96F36475BDE9}"
EndProject
Project("{2150E333-8FDC-42A3-9474-1A3956D46DE8}") = "Catalog", "Catalog", "{F236BFCF-9DC7-485C-8866-BD5835D50035}"
EndProject
Project("{9A19103F-16F7-4668-BE54-9A1E7A4F7556}") = "Catalog.API", "Services\Catalog\Catalog.API\Catalog.API.csproj", "{7F0B3D9E-63F6-47DB-9108-E8CF47A01D6B}"
EndProject
Project("{9A19103F-16F7-4668-BE54-9A1E7A4F7556}") = "Catalog.Application", "Services\Catalog\Catalog.Application\Catalog.Application.csproj", "{8DBE47BB-57BB-452E-AD9C-2CC09685345E}"
EndProject
Project("{9A19103F-16F7-4668-BE54-9A1E7A4F7556}") = "Catalog.Core", "Services\Catalog\Catalog.Core\Catalog.Core.csproj", "{D2297C54-A79F-4497-BFE0-2E7AA4325B08}"
EndProject
Project("{9A19103F-16F7-4668-BE54-9A1E7A4F7556}") = "Catalog.Infrastructure", "Services\Catalog\Catalog.Infrastructure\Catalog.Infrastructure.csproj", "{40B639C5-4BF1-48DB-B0B1-769CA66882D6}"
EndProject
Project("{E53339B2-1760-4266-BCC7-CA923CBCF16C}") = "docker-compose", "docker-compose.dcproj", "{EAF11351-0C4F-4EFD-AF2C-0C0671053A43}"
EndProject
Project("{2150E333-8FDC-42A3-9474-1A3956D46DE8}") = "Basket", "Basket", "{1371ED4E-A552-4922-8D5F-43DA0FAFBB68}"
EndProject
Project("{9A19103F-16F7-4668-BE54-9A1E7A4F7556}") = "Basket.API", "Services\Basket\Basket.API\Basket.API.csproj", "{C856E486-9EAD-4EB8-B764-589E3F3D09E9}"
EndProject
Project("{9A19103F-16F7-4668-BE54-9A1E7A4F7556}") = "Basket.Core", "Services\Basket\Basket.Core\Basket.Core.csproj", "{4DF44E9D-5025-4491-8875-1FAA21B1E262}"
EndProject
Project("{9A19103F-16F7-4668-BE54-9A1E7A4F7556}") = "Basket.Application", "Services\Basket\Basket.Application\Basket.Application.csproj", "{22A455F9-15CC-4782-9380-D3080D6EF24B}"
EndProject
Project("{9A19103F-16F7-4668-BE54-9A1E7A4F7556}") = "Basket.Infrastructure", "Services\Basket\Basket.Infrastructure\Basket.Infrastructure.csproj", "{BF188C48-53FD-4EFF-96B6-A603AC1E2B6D}"
EndProject
Project("{2150E333-8FDC-42A3-9474-1A3956D46DE8}") = "Discount", "Discount", "{149D9C7D-B983-473F-A056-121FE69C32D3}"
EndProject
Project("{9A19103F-16F7-4668-BE54-9A1E7A4F7556}") = "Discount.API", "Services\Discount\Discount.API\Discount.API.csproj", "{EA0A169A-24FD-4B87-AE21-C9A1D6ABAC3B}"
EndProject
Project("{9A19103F-16F7-4668-BE54-9A1E7A4F7556}") = "Discount.Core", "Services\Discount\Discount.Core\Discount.Core.csproj", "{BB94DF21-8199-4300-A215-CDEFEE074EFF}"
EndProject
Project("{9A19103F-16F7-4668-BE54-9A1E7A4F7556}") = "Discount.Infrastructure", "Services\Discount\Discount.Infrastructure\Discount.Infrastructure.csproj", "{E5D75771-AC34-48A1-BBBF-D4233C0137A5}"
EndProject
Project("{9A19103F-16F7-4668-BE54-9A1E7A4F7556}") = "Discount.Application", "Services\Discount\Discount.Application\Discount.Application.csproj", "{7BAA51E6-BA6D-4316-B5EC-F00501632D26}"
EndProject
Project("{2150E333-8FDC-42A3-9474-1A3956D46DE8}") = "Ordering", "Ordering", "{5496E68E-F005-4478-ACA7-A9B84657BD10}"
EndProject
Project("{9A19103F-16F7-4668-BE54-9A1E7A4F7556}") = "Ordering.Core", "Services\Ordering\Ordering.Core\Ordering.Core.csproj", "{7AA198DE-1388-4A84-87E2-881D41CB4473}"
EndProject
Project("{9A19103F-16F7-4668-BE54-9A1E7A4F7556}") = "Ordering.API", "Services\Ordering\Ordering.API\Ordering.API.csproj", "{DE55C328-C450-4593-B742-971CB9693DEE}"
EndProject
Project("{9A19103F-16F7-4668-BE54-9A1E7A4F7556}") = "Ordering.Application", "Services\Ordering\Ordering.Application\Ordering.Application.csproj", "{AB9ABC0C-0828-4CE9-886C-1849991807B7}"
EndProject
Project("{9A19103F-16F7-4668-BE54-9A1E7A4F7556}") = "Ordering.Infrastructure", "Services\Ordering\Ordering.Infrastructure\Ordering.Infrastructure.csproj", "{1E436DBC-99CA-41D3-9FC0-9B8A202FD503}"
EndProject
Project("{2150E333-8FDC-42A3-9474-1A3956D46DE8}") = "Infrastructure", "Infrastructure", "{C26DCA77-6486-47AA-95D3-6933EF9D4DDA}"
EndProject
Project("{9A19103F-16F7-4668-BE54-9A1E7A4F7556}") = "EventBus.Messages", "Infrastructure\EventBus.Messages\EventBus.Messages.csproj", "{4702B141-15F0-4538-B903-B7028550DADC}"
EndProject
Project("{9A19103F-16F7-4668-BE54-9A1E7A4F7556}") = "Common.Logging", "Infrastructure\Common.Logging\Common.Logging.csproj", "{BA46EBAB-F818-40E7-9D34-D6517B4869DE}"
EndProject
Global
	GlobalSection(SolutionConfigurationPlatforms) = preSolution
		Debug|Any CPU = Debug|Any CPU
		Release|Any CPU = Release|Any CPU
	EndGlobalSection
	GlobalSection(ProjectConfigurationPlatforms) = postSolution
		{7F0B3D9E-63F6-47DB-9108-E8CF47A01D6B}.Debug|Any CPU.ActiveCfg = Debug|Any CPU
		{7F0B3D9E-63F6-47DB-9108-E8CF47A01D6B}.Debug|Any CPU.Build.0 = Debug|Any CPU
		{7F0B3D9E-63F6-47DB-9108-E8CF47A01D6B}.Release|Any CPU.ActiveCfg = Release|Any CPU
		{7F0B3D9E-63F6-47DB-9108-E8CF47A01D6B}.Release|Any CPU.Build.0 = Release|Any CPU
		{8DBE47BB-57BB-452E-AD9C-2CC09685345E}.Debug|Any CPU.ActiveCfg = Debug|Any CPU
		{8DBE47BB-57BB-452E-AD9C-2CC09685345E}.Debug|Any CPU.Build.0 = Debug|Any CPU
		{8DBE47BB-57BB-452E-AD9C-2CC09685345E}.Release|Any CPU.ActiveCfg = Release|Any CPU
		{8DBE47BB-57BB-452E-AD9C-2CC09685345E}.Release|Any CPU.Build.0 = Release|Any CPU
		{D2297C54-A79F-4497-BFE0-2E7AA4325B08}.Debug|Any CPU.ActiveCfg = Debug|Any CPU
		{D2297C54-A79F-4497-BFE0-2E7AA4325B08}.Debug|Any CPU.Build.0 = Debug|Any CPU
		{D2297C54-A79F-4497-BFE0-2E7AA4325B08}.Release|Any CPU.ActiveCfg = Release|Any CPU
		{D2297C54-A79F-4497-BFE0-2E7AA4325B08}.Release|Any CPU.Build.0 = Release|Any CPU
		{40B639C5-4BF1-48DB-B0B1-769CA66882D6}.Debug|Any CPU.ActiveCfg = Debug|Any CPU
		{40B639C5-4BF1-48DB-B0B1-769CA66882D6}.Debug|Any CPU.Build.0 = Debug|Any CPU
		{40B639C5-4BF1-48DB-B0B1-769CA66882D6}.Release|Any CPU.ActiveCfg = Release|Any CPU
		{40B639C5-4BF1-48DB-B0B1-769CA66882D6}.Release|Any CPU.Build.0 = Release|Any CPU
		{EAF11351-0C4F-4EFD-AF2C-0C0671053A43}.Debug|Any CPU.ActiveCfg = Debug|Any CPU
		{EAF11351-0C4F-4EFD-AF2C-0C0671053A43}.Debug|Any CPU.Build.0 = Debug|Any CPU
		{EAF11351-0C4F-4EFD-AF2C-0C0671053A43}.Release|Any CPU.ActiveCfg = Release|Any CPU
		{EAF11351-0C4F-4EFD-AF2C-0C0671053A43}.Release|Any CPU.Build.0 = Release|Any CPU
		{C856E486-9EAD-4EB8-B764-589E3F3D09E9}.Debug|Any CPU.ActiveCfg = Debug|Any CPU
		{C856E486-9EAD-4EB8-B764-589E3F3D09E9}.Debug|Any CPU.Build.0 = Debug|Any CPU
		{C856E486-9EAD-4EB8-B764-589E3F3D09E9}.Release|Any CPU.ActiveCfg = Release|Any CPU
		{C856E486-9EAD-4EB8-B764-589E3F3D09E9}.Release|Any CPU.Build.0 = Release|Any CPU
		{4DF44E9D-5025-4491-8875-1FAA21B1E262}.Debug|Any CPU.ActiveCfg = Debug|Any CPU
		{4DF44E9D-5025-4491-8875-1FAA21B1E262}.Debug|Any CPU.Build.0 = Debug|Any CPU
		{4DF44E9D-5025-4491-8875-1FAA21B1E262}.Release|Any CPU.ActiveCfg = Release|Any CPU
		{4DF44E9D-5025-4491-8875-1FAA21B1E262}.Release|Any CPU.Build.0 = Release|Any CPU
		{22A455F9-15CC-4782-9380-D3080D6EF24B}.Debug|Any CPU.ActiveCfg = Debug|Any CPU
		{22A455F9-15CC-4782-9380-D3080D6EF24B}.Debug|Any CPU.Build.0 = Debug|Any CPU
		{22A455F9-15CC-4782-9380-D3080D6EF24B}.Release|Any CPU.ActiveCfg = Release|Any CPU
		{22A455F9-15CC-4782-9380-D3080D6EF24B}.Release|Any CPU.Build.0 = Release|Any CPU
		{BF188C48-53FD-4EFF-96B6-A603AC1E2B6D}.Debug|Any CPU.ActiveCfg = Debug|Any CPU
		{BF188C48-53FD-4EFF-96B6-A603AC1E2B6D}.Debug|Any CPU.Build.0 = Debug|Any CPU
		{BF188C48-53FD-4EFF-96B6-A603AC1E2B6D}.Release|Any CPU.ActiveCfg = Release|Any CPU
		{BF188C48-53FD-4EFF-96B6-A603AC1E2B6D}.Release|Any CPU.Build.0 = Release|Any CPU
		{EA0A169A-24FD-4B87-AE21-C9A1D6ABAC3B}.Debug|Any CPU.ActiveCfg = Debug|Any CPU
		{EA0A169A-24FD-4B87-AE21-C9A1D6ABAC3B}.Debug|Any CPU.Build.0 = Debug|Any CPU
		{EA0A169A-24FD-4B87-AE21-C9A1D6ABAC3B}.Release|Any CPU.ActiveCfg = Release|Any CPU
		{EA0A169A-24FD-4B87-AE21-C9A1D6ABAC3B}.Release|Any CPU.Build.0 = Release|Any CPU
		{BB94DF21-8199-4300-A215-CDEFEE074EFF}.Debug|Any CPU.ActiveCfg = Debug|Any CPU
		{BB94DF21-8199-4300-A215-CDEFEE074EFF}.Debug|Any CPU.Build.0 = Debug|Any CPU
		{BB94DF21-8199-4300-A215-CDEFEE074EFF}.Release|Any CPU.ActiveCfg = Release|Any CPU
		{BB94DF21-8199-4300-A215-CDEFEE074EFF}.Release|Any CPU.Build.0 = Release|Any CPU
		{E5D75771-AC34-48A1-BBBF-D4233C0137A5}.Debug|Any CPU.ActiveCfg = Debug|Any CPU
		{E5D75771-AC34-48A1-BBBF-D4233C0137A5}.Debug|Any CPU.Build.0 = Debug|Any CPU
		{E5D75771-AC34-48A1-BBBF-D4233C0137A5}.Release|Any CPU.ActiveCfg = Release|Any CPU
		{E5D75771-AC34-48A1-BBBF-D4233C0137A5}.Release|Any CPU.Build.0 = Release|Any CPU
		{7BAA51E6-BA6D-4316-B5EC-F00501632D26}.Debug|Any CPU.ActiveCfg = Debug|Any CPU
		{7BAA51E6-BA6D-4316-B5EC-F00501632D26}.Debug|Any CPU.Build.0 = Debug|Any CPU
		{7BAA51E6-BA6D-4316-B5EC-F00501632D26}.Release|Any CPU.ActiveCfg = Release|Any CPU
		{7BAA51E6-BA6D-4316-B5EC-F00501632D26}.Release|Any CPU.Build.0 = Release|Any CPU
		{7AA198DE-1388-4A84-87E2-881D41CB4473}.Debug|Any CPU.ActiveCfg = Debug|Any CPU
		{7AA198DE-1388-4A84-87E2-881D41CB4473}.Debug|Any CPU.Build.0 = Debug|Any CPU
		{7AA198DE-1388-4A84-87E2-881D41CB4473}.Release|Any CPU.ActiveCfg = Release|Any CPU
		{7AA198DE-1388-4A84-87E2-881D41CB4473}.Release|Any CPU.Build.0 = Release|Any CPU
		{DE55C328-C450-4593-B742-971CB9693DEE}.Debug|Any CPU.ActiveCfg = Debug|Any CPU
		{DE55C328-C450-4593-B742-971CB9693DEE}.Debug|Any CPU.Build.0 = Debug|Any CPU
		{DE55C328-C450-4593-B742-971CB9693DEE}.Release|Any CPU.ActiveCfg = Release|Any CPU
		{DE55C328-C450-4593-B742-971CB9693DEE}.Release|Any CPU.Build.0 = Release|Any CPU
		{AB9ABC0C-0828-4CE9-886C-1849991807B7}.Debug|Any CPU.ActiveCfg = Debug|Any CPU
		{AB9ABC0C-0828-4CE9-886C-1849991807B7}.Debug|Any CPU.Build.0 = Debug|Any CPU
		{AB9ABC0C-0828-4CE9-886C-1849991807B7}.Release|Any CPU.ActiveCfg = Release|Any CPU
		{AB9ABC0C-0828-4CE9-886C-1849991807B7}.Release|Any CPU.Build.0 = Release|Any CPU
		{1E436DBC-99CA-41D3-9FC0-9B8A202FD503}.Debug|Any CPU.ActiveCfg = Debug|Any CPU
		{1E436DBC-99CA-41D3-9FC0-9B8A202FD503}.Debug|Any CPU.Build.0 = Debug|Any CPU
		{1E436DBC-99CA-41D3-9FC0-9B8A202FD503}.Release|Any CPU.ActiveCfg = Release|Any CPU
		{1E436DBC-99CA-41D3-9FC0-9B8A202FD503}.Release|Any CPU.Build.0 = Release|Any CPU
		{4702B141-15F0-4538-B903-B7028550DADC}.Debug|Any CPU.ActiveCfg = Debug|Any CPU
		{4702B141-15F0-4538-B903-B7028550DADC}.Debug|Any CPU.Build.0 = Debug|Any CPU
		{4702B141-15F0-4538-B903-B7028550DADC}.Release|Any CPU.ActiveCfg = Release|Any CPU
		{4702B141-15F0-4538-B903-B7028550DADC}.Release|Any CPU.Build.0 = Release|Any CPU
		{BA46EBAB-F818-40E7-9D34-D6517B4869DE}.Debug|Any CPU.ActiveCfg = Debug|Any CPU
		{BA46EBAB-F818-40E7-9D34-D6517B4869DE}.Debug|Any CPU.Build.0 = Debug|Any CPU
		{BA46EBAB-F818-40E7-9D34-D6517B4869DE}.Release|Any CPU.ActiveCfg = Release|Any CPU
		{BA46EBAB-F818-40E7-9D34-D6517B4869DE}.Release|Any CPU.Build.0 = Release|Any CPU
	EndGlobalSection
	GlobalSection(SolutionProperties) = preSolution
		HideSolutionNode = FALSE
	EndGlobalSection
	GlobalSection(NestedProjects) = preSolution
		{F236BFCF-9DC7-485C-8866-BD5835D50035} = {17AB3CAB-270F-4B6D-977C-96F36475BDE9}
		{7F0B3D9E-63F6-47DB-9108-E8CF47A01D6B} = {F236BFCF-9DC7-485C-8866-BD5835D50035}
		{8DBE47BB-57BB-452E-AD9C-2CC09685345E} = {F236BFCF-9DC7-485C-8866-BD5835D50035}
		{D2297C54-A79F-4497-BFE0-2E7AA4325B08} = {F236BFCF-9DC7-485C-8866-BD5835D50035}
		{40B639C5-4BF1-48DB-B0B1-769CA66882D6} = {F236BFCF-9DC7-485C-8866-BD5835D50035}
		{1371ED4E-A552-4922-8D5F-43DA0FAFBB68} = {17AB3CAB-270F-4B6D-977C-96F36475BDE9}
		{C856E486-9EAD-4EB8-B764-589E3F3D09E9} = {1371ED4E-A552-4922-8D5F-43DA0FAFBB68}
		{4DF44E9D-5025-4491-8875-1FAA21B1E262} = {1371ED4E-A552-4922-8D5F-43DA0FAFBB68}
		{22A455F9-15CC-4782-9380-D3080D6EF24B} = {1371ED4E-A552-4922-8D5F-43DA0FAFBB68}
		{BF188C48-53FD-4EFF-96B6-A603AC1E2B6D} = {1371ED4E-A552-4922-8D5F-43DA0FAFBB68}
		{149D9C7D-B983-473F-A056-121FE69C32D3} = {17AB3CAB-270F-4B6D-977C-96F36475BDE9}
		{EA0A169A-24FD-4B87-AE21-C9A1D6ABAC3B} = {149D9C7D-B983-473F-A056-121FE69C32D3}
		{BB94DF21-8199-4300-A215-CDEFEE074EFF} = {149D9C7D-B983-473F-A056-121FE69C32D3}
		{E5D75771-AC34-48A1-BBBF-D4233C0137A5} = {149D9C7D-B983-473F-A056-121FE69C32D3}
		{7BAA51E6-BA6D-4316-B5EC-F00501632D26} = {149D9C7D-B983-473F-A056-121FE69C32D3}
		{5496E68E-F005-4478-ACA7-A9B84657BD10} = {17AB3CAB-270F-4B6D-977C-96F36475BDE9}
		{7AA198DE-1388-4A84-87E2-881D41CB4473} = {5496E68E-F005-4478-ACA7-A9B84657BD10}
		{DE55C328-C450-4593-B742-971CB9693DEE} = {5496E68E-F005-4478-ACA7-A9B84657BD10}
		{AB9ABC0C-0828-4CE9-886C-1849991807B7} = {5496E68E-F005-4478-ACA7-A9B84657BD10}
		{1E436DBC-99CA-41D3-9FC0-9B8A202FD503} = {5496E68E-F005-4478-ACA7-A9B84657BD10}
		{4702B141-15F0-4538-B903-B7028550DADC} = {C26DCA77-6486-47AA-95D3-6933EF9D4DDA}
		{BA46EBAB-F818-40E7-9D34-D6517B4869DE} = {C26DCA77-6486-47AA-95D3-6933EF9D4DDA}
	EndGlobalSection
	GlobalSection(ExtensibilityGlobals) = postSolution
		SolutionGuid = {522C6988-1DBF-4B3C-AC73-DFBB84D6B339}
	EndGlobalSection
EndGlobal
